
Microsoft Visual Studio Solution File, Format Version 12.00
# Visual Studio 14
VisualStudioVersion = 14.0.23107.0
MinimumVisualStudioVersion = 10.0.40219.1
Project("{FAE04EC0-301F-11D3-BF4B-00C04F79EFBC}") = "CodePathsCSF", "CodePathsCSF\CodePathsCSF.csproj", "{8A67AA12-D17C-4B33-98D7-43A31F71931F}"
EndProject
Project("{2150E333-8FDC-42A3-9474-1A3956D46DE8}") = "PublishScripts", "PublishScripts", "{1907C37B-F962-4838-8337-1EEEE2A53C83}"
	ProjectSection(SolutionItems) = preProject
		PublishScripts\AzureVMPublishModule.psm1 = PublishScripts\AzureVMPublishModule.psm1
		PublishScripts\Publish-WebApplicationVM.ps1 = PublishScripts\Publish-WebApplicationVM.ps1
	EndProjectSection
EndProject
Project("{2150E333-8FDC-42A3-9474-1A3956D46DE8}") = "Configurations", "Configurations", "{D0C838C1-2431-4A81-A40F-E9E6295C2096}"
	ProjectSection(SolutionItems) = preProject
		PublishScripts\Configurations\CodePathsCSF-WAWS-dev.json = PublishScripts\Configurations\CodePathsCSF-WAWS-dev.json
	EndProjectSection
EndProject
Global
	GlobalSection(SolutionConfigurationPlatforms) = preSolution
		Debug|Any CPU = Debug|Any CPU
		Release|Any CPU = Release|Any CPU
	EndGlobalSection
	GlobalSection(ProjectConfigurationPlatforms) = postSolution
		{8A67AA12-D17C-4B33-98D7-43A31F71931F}.Debug|Any CPU.ActiveCfg = Debug|Any CPU
		{8A67AA12-D17C-4B33-98D7-43A31F71931F}.Debug|Any CPU.Build.0 = Debug|Any CPU
		{8A67AA12-D17C-4B33-98D7-43A31F71931F}.Release|Any CPU.ActiveCfg = Release|Any CPU
		{8A67AA12-D17C-4B33-98D7-43A31F71931F}.Release|Any CPU.Build.0 = Release|Any CPU
	EndGlobalSection
	GlobalSection(SolutionProperties) = preSolution
		HideSolutionNode = FALSE
	EndGlobalSection
	GlobalSection(NestedProjects) = preSolution
		{D0C838C1-2431-4A81-A40F-E9E6295C2096} = {1907C37B-F962-4838-8337-1EEEE2A53C83}
	EndGlobalSection
EndGlobal
